// !$*UTF8*$!
{
	archiveVersion = 1;
	classes = {
	};
	objectVersion = 46;
	objects = {

/* Begin PBXBuildFile section */
		E221652E16B0BD530046A5AB /* UIKit.framework in Frameworks */ = {isa = PBXBuildFile; fileRef = E221652D16B0BD530046A5AB /* UIKit.framework */; };
		E221653016B0BD530046A5AB /* Foundation.framework in Frameworks */ = {isa = PBXBuildFile; fileRef = E221652F16B0BD530046A5AB /* Foundation.framework */; };
		E221653216B0BD530046A5AB /* CoreGraphics.framework in Frameworks */ = {isa = PBXBuildFile; fileRef = E221653116B0BD530046A5AB /* CoreGraphics.framework */; };
		E221653816B0BD530046A5AB /* InfoPlist.strings in Resources */ = {isa = PBXBuildFile; fileRef = E221653616B0BD530046A5AB /* InfoPlist.strings */; };
		E221653A16B0BD530046A5AB /* main.m in Sources */ = {isa = PBXBuildFile; fileRef = E221653916B0BD530046A5AB /* main.m */; };
		E221653E16B0BD530046A5AB /* AppDelegate.m in Sources */ = {isa = PBXBuildFile; fileRef = E221653D16B0BD530046A5AB /* AppDelegate.m */; };
		E221654016B0BD530046A5AB /* Default.png in Resources */ = {isa = PBXBuildFile; fileRef = E221653F16B0BD530046A5AB /* Default.png */; };
		E221654216B0BD530046A5AB /* Default@2x.png in Resources */ = {isa = PBXBuildFile; fileRef = E221654116B0BD530046A5AB /* Default@2x.png */; };
		E221654416B0BD530046A5AB /* Default-568h@2x.png in Resources */ = {isa = PBXBuildFile; fileRef = E221654316B0BD530046A5AB /* Default-568h@2x.png */; };
		E221654716B0BD530046A5AB /* MainStoryboard.storyboard in Resources */ = {isa = PBXBuildFile; fileRef = E221654516B0BD530046A5AB /* MainStoryboard.storyboard */; };
		E221654A16B0BD530046A5AB /* ViewController.m in Sources */ = {isa = PBXBuildFile; fileRef = E221654916B0BD530046A5AB /* ViewController.m */; };
/* End PBXBuildFile section */

/* Begin PBXFileReference section */
		E221652916B0BD530046A5AB /* XMLParserDemo.app */ = {isa = PBXFileReference; explicitFileType = wrapper.application; includeInIndex = 0; path = XMLParserDemo.app; sourceTree = BUILT_PRODUCTS_DIR; };
		E221652D16B0BD530046A5AB /* UIKit.framework */ = {isa = PBXFileReference; lastKnownFileType = wrapper.framework; name = UIKit.framework; path = System/Library/Frameworks/UIKit.framework; sourceTree = SDKROOT; };
		E221652F16B0BD530046A5AB /* Foundation.framework */ = {isa = PBXFileReference; lastKnownFileType = wrapper.framework; name = Foundation.framework; path = System/Library/Frameworks/Foundation.framework; sourceTree = SDKROOT; };
		E221653116B0BD530046A5AB /* CoreGraphics.framework */ = {isa = PBXFileReference; lastKnownFileType = wrapper.framework; name = CoreGraphics.framework; path = System/Library/Frameworks/CoreGraphics.framework; sourceTree = SDKROOT; };
		E221653516B0BD530046A5AB /* XMLParserDemo-Info.plist */ = {isa = PBXFileReference; lastKnownFileType = text.plist.xml; path = "XMLParserDemo-Info.plist"; sourceTree = "<group>"; };
		E221653716B0BD530046A5AB /* en */ = {isa = PBXFileReference; lastKnownFileType = text.plist.strings; name = en; path = en.lproj/InfoPlist.strings; sourceTree = "<group>"; };
		E221653916B0BD530046A5AB /* main.m */ = {isa = PBXFileReference; lastKnownFileType = sourcecode.c.objc; path = main.m; sourceTree = "<group>"; };
		E221653B16B0BD530046A5AB /* XMLParserDemo-Prefix.pch */ = {isa = PBXFileReference; lastKnownFileType = sourcecode.c.h; path = "XMLParserDemo-Prefix.pch"; sourceTree = "<group>"; };
		E221653C16B0BD530046A5AB /* AppDelegate.h */ = {isa = PBXFileReference; lastKnownFileType = sourcecode.c.h; path = AppDelegate.h; sourceTree = "<group>"; };
		E221653D16B0BD530046A5AB /* AppDelegate.m */ = {isa = PBXFileReference; lastKnownFileType = sourcecode.c.objc; path = AppDelegate.m; sourceTree = "<group>"; };
		E221653F16B0BD530046A5AB /* Default.png */ = {isa = PBXFileReference; lastKnownFileType = image.png; path = Default.png; sourceTree = "<group>"; };
		E221654116B0BD530046A5AB /* Default@2x.png */ = {isa = PBXFileReference; lastKnownFileType = image.png; path = "Default@2x.png"; sourceTree = "<group>"; };
		E221654316B0BD530046A5AB /* Default-568h@2x.png */ = {isa = PBXFileReference; lastKnownFileType = image.png; path = "Default-568h@2x.png"; sourceTree = "<group>"; };
		E221654616B0BD530046A5AB /* en */ = {isa = PBXFileReference; lastKnownFileType = file.storyboard; name = en; path = en.lproj/MainStoryboard.storyboard; sourceTree = "<group>"; };
		E221654816B0BD530046A5AB /* ViewController.h */ = {isa = PBXFileReference; lastKnownFileType = sourcecode.c.h; path = ViewController.h; sourceTree = "<group>"; };
		E221654916B0BD530046A5AB /* ViewController.m */ = {isa = PBXFileReference; lastKnownFileType = sourcecode.c.objc; path = ViewController.m; sourceTree = "<group>"; };
/* End PBXFileReference section */

/* Begin PBXFrameworksBuildPhase section */
		E221652616B0BD530046A5AB /* Frameworks */ = {
			isa = PBXFrameworksBuildPhase;
			buildActionMask = 2147483647;
			files = (
				E221652E16B0BD530046A5AB /* UIKit.framework in Frameworks */,
				E221653016B0BD530046A5AB /* Foundation.framework in Frameworks */,
				E221653216B0BD530046A5AB /* CoreGraphics.framework in Frameworks */,
			);
			runOnlyForDeploymentPostprocessing = 0;
		};
/* End PBXFrameworksBuildPhase section */

/* Begin PBXGroup section */
		E221651E16B0BD530046A5AB = {
			isa = PBXGroup;
			children = (
				E221653316B0BD530046A5AB /* XMLParserDemo */,
				E221652C16B0BD530046A5AB /* Frameworks */,
				E221652A16B0BD530046A5AB /* Products */,
			);
			sourceTree = "<group>";
		};
		E221652A16B0BD530046A5AB /* Products */ = {
			isa = PBXGroup;
			children = (
				E221652916B0BD530046A5AB /* XMLParserDemo.app */,
			);
			name = Products;
			sourceTree = "<group>";
		};
		E221652C16B0BD530046A5AB /* Frameworks */ = {
			isa = PBXGroup;
			children = (
				E221652D16B0BD530046A5AB /* UIKit.framework */,
				E221652F16B0BD530046A5AB /* Foundation.framework */,
				E221653116B0BD530046A5AB /* CoreGraphics.framework */,
			);
			name = Frameworks;
			sourceTree = "<group>";
		};
		E221653316B0BD530046A5AB /* XMLParserDemo */ = {
			isa = PBXGroup;
			children = (
				E221653C16B0BD530046A5AB /* AppDelegate.h */,
				E221653D16B0BD530046A5AB /* AppDelegate.m */,
				E221654516B0BD530046A5AB /* MainStoryboard.storyboard */,
				E221654816B0BD530046A5AB /* ViewController.h */,
				E221654916B0BD530046A5AB /* ViewController.m */,
				E221653416B0BD530046A5AB /* Supporting Files */,
			);
			path = XMLParserDemo;
			sourceTree = "<group>";
		};
		E221653416B0BD530046A5AB /* Supporting Files */ = {
			isa = PBXGroup;
			children = (
				E221653516B0BD530046A5AB /* XMLParserDemo-Info.plist */,
				E221653616B0BD530046A5AB /* InfoPlist.strings */,
				E221653916B0BD530046A5AB /* main.m */,
				E221653B16B0BD530046A5AB /* XMLParserDemo-Prefix.pch */,
				E221653F16B0BD530046A5AB /* Default.png */,
				E221654116B0BD530046A5AB /* Default@2x.png */,
				E221654316B0BD530046A5AB /* Default-568h@2x.png */,
			);
			name = "Supporting Files";
			sourceTree = "<group>";
		};
/* End PBXGroup section */

/* Begin PBXNativeTarget section */
		E221652816B0BD530046A5AB /* XMLParserDemo */ = {
			isa = PBXNativeTarget;
			buildConfigurationList = E221654D16B0BD530046A5AB /* Build configuration list for PBXNativeTarget "XMLParserDemo" */;
			buildPhases = (
				E221652516B0BD530046A5AB /* Sources */,
				E221652616B0BD530046A5AB /* Frameworks */,
				E221652716B0BD530046A5AB /* Resources */,
			);
			buildRules = (
			);
			dependencies = (
			);
			name = XMLParserDemo;
			productName = XMLParserDemo;
			productReference = E221652916B0BD530046A5AB /* XMLParserDemo.app */;
			productType = "com.apple.product-type.application";
		};
/* End PBXNativeTarget section */

/* Begin PBXProject section */
		E221652016B0BD530046A5AB /* Project object */ = {
			isa = PBXProject;
			attributes = {
				LastUpgradeCheck = 0450;
				ORGANIZATIONNAME = langoo;
			};
			buildConfigurationList = E221652316B0BD530046A5AB /* Build configuration list for PBXProject "XMLParserDemo" */;
			compatibilityVersion = "Xcode 3.2";
			developmentRegion = English;
			hasScannedForEncodings = 0;
			knownRegions = (
				en,
			);
			mainGroup = E221651E16B0BD530046A5AB;
			productRefGroup = E221652A16B0BD530046A5AB /* Products */;
			projectDirPath = "";
			projectRoot = "";
			targets = (
				E221652816B0BD530046A5AB /* XMLParserDemo */,
			);
		};
/* End PBXProject section */

/* Begin PBXResourcesBuildPhase section */
		E221652716B0BD530046A5AB /* Resources */ = {
			isa = PBXResourcesBuildPhase;
			buildActionMask = 2147483647;
			files = (
				E221653816B0BD530046A5AB /* InfoPlist.strings in Resources */,
				E221654016B0BD530046A5AB /* Default.png in Resources */,
				E221654216B0BD530046A5AB /* Default@2x.png in Resources */,
				E221654416B0BD530046A5AB /* Default-568h@2x.png in Resources */,
				E221654716B0BD530046A5AB /* MainStoryboard.storyboard in Resources */,
			);
			runOnlyForDeploymentPostprocessing = 0;
		};
/* End PBXResourcesBuildPhase section */

/* Begin PBXSourcesBuildPhase section */
		E221652516B0BD530046A5AB /* Sources */ = {
			isa = PBXSourcesBuildPhase;
			buildActionMask = 2147483647;
			files = (
				E221653A16B0BD530046A5AB /* main.m in Sources */,
				E221653E16B0BD530046A5AB /* AppDelegate.m in Sources */,
				E221654A16B0BD530046A5AB /* ViewController.m in Sources */,
			);
			runOnlyForDeploymentPostprocessing = 0;
		};
/* End PBXSourcesBuildPhase section */

/* Begin PBXVariantGroup section */
		E221653616B0BD530046A5AB /* InfoPlist.strings */ = {
			isa = PBXVariantGroup;
			children = (
				E221653716B0BD530046A5AB /* en */,
			);
			name = InfoPlist.strings;
			sourceTree = "<group>";
		};
		E221654516B0BD530046A5AB /* MainStoryboard.storyboard */ = {
			isa = PBXVariantGroup;
			children = (
				E221654616B0BD530046A5AB /* en */,
			);
			name = MainStoryboard.storyboard;
			sourceTree = "<group>";
		};
/* End PBXVariantGroup section */

/* Begin XCBuildConfiguration section */
		E221654B16B0BD530046A5AB /* Debug */ = {
			isa = XCBuildConfiguration;
			buildSettings = {
				ALWAYS_SEARCH_USER_PATHS = NO;
				CLANG_CXX_LANGUAGE_STANDARD = "gnu++0x";
				CLANG_CXX_LIBRARY = "libc++";
				CLANG_WARN_EMPTY_BODY = YES;
				CLANG_WARN__DUPLICATE_METHOD_MATCH = YES;
				"CODE_SIGN_IDENTITY[sdk=iphoneos*]" = "iPhone Developer";
				COPY_PHASE_STRIP = NO;
				GCC_C_LANGUAGE_STANDARD = gnu99;
				GCC_DYNAMIC_NO_PIC = NO;
				GCC_OPTIMIZATION_LEVEL = 0;
				GCC_PREPROCESSOR_DEFINITIONS = (
					"DEBUG=1",
					"$(inherited)",
				);
				GCC_SYMBOLS_PRIVATE_EXTERN = NO;
				GCC_WARN_ABOUT_RETURN_TYPE = YES;
				GCC_WARN_UNINITIALIZED_AUTOS = YES;
				GCC_WARN_UNUSED_VARIABLE = YES;
				IPHONEOS_DEPLOYMENT_TARGET = 6.0;
				ONLY_ACTIVE_ARCH = YES;
				SDKROOT = iphoneos;
			};
			name = Debug;
		};
		E221654C16B0BD530046A5AB /* Release */ = {
			isa = XCBuildConfiguration;
			buildSettings = {
				ALWAYS_SEARCH_USER_PATHS = NO;
				CLANG_CXX_LANGUAGE_STANDARD = "gnu++0x";
				CLANG_CXX_LIBRARY = "libc++";
				CLANG_WARN_EMPTY_BODY = YES;
				CLANG_WARN__DUPLICATE_METHOD_MATCH = YES;
				"CODE_SIGN_IDENTITY[sdk=iphoneos*]" = "iPhone Developer";
				COPY_PHASE_STRIP = YES;
				GCC_C_LANGUAGE_STANDARD = gnu99;
				GCC_WARN_ABOUT_RETURN_TYPE = YES;
				GCC_WARN_UNINITIALIZED_AUTOS = YES;
				GCC_WARN_UNUSED_VARIABLE = YES;
				IPHONEOS_DEPLOYMENT_TARGET = 6.0;
				OTHER_CFLAGS = "-DNS_BLOCK_ASSERTIONS=1";
				SDKROOT = iphoneos;
				VALIDATE_PRODUCT = YES;
			};
			name = Release;
		};
		E221654E16B0BD530046A5AB /* Debug */ = {
			isa = XCBuildConfiguration;
			buildSettings = {
				GCC_PRECOMPILE_PREFIX_HEADER = YES;
				GCC_PREFIX_HEADER = "XMLParserDemo/XMLParserDemo-Prefix.pch";
				INFOPLIST_FILE = "XMLParserDemo/XMLParserDemo-Info.plist";
				PRODUCT_NAME = "$(TARGET_NAME)";
				WRAPPER_EXTENSION = app;
			};
			name = Debug;
		};
		E221654F16B0BD530046A5AB /* Release */ = {
			isa = XCBuildConfiguration;
			buildSettings = {
				GCC_PRECOMPILE_PREFIX_HEADER = YES;
				GCC_PREFIX_HEADER = "XMLParserDemo/XMLParserDemo-Prefix.pch";
				INFOPLIST_FILE = "XMLParserDemo/XMLParserDemo-Info.plist";
				PRODUCT_NAME = "$(TARGET_NAME)";
				WRAPPER_EXTENSION = app;
			};
			name = Release;
		};
/* End XCBuildConfiguration section */

/* Begin XCConfigurationList section */
		E221652316B0BD530046A5AB /* Build configuration list for PBXProject "XMLParserDemo" */ = {
			isa = XCConfigurationList;
			buildConfigurations = (
				E221654B16B0BD530046A5AB /* Debug */,
				E221654C16B0BD530046A5AB /* Release */,
			);
			defaultConfigurationIsVisible = 0;
			defaultConfigurationName = Release;
		};
		E221654D16B0BD530046A5AB /* Build configuration list for PBXNativeTarget "XMLParserDemo" */ = {
			isa = XCConfigurationList;
			buildConfigurations = (
				E221654E16B0BD530046A5AB /* Debug */,
				E221654F16B0BD530046A5AB /* Release */,
			);
			defaultConfigurationIsVisible = 0;
		};
/* End XCConfigurationList section */
	};
	rootObject = E221652016B0BD530046A5AB /* Project object */;
}
